// !$*UTF8*$!
{
	archiveVersion = 1;
	classes = {
	};
	objectVersion = 46;
	objects = {

/* Begin PBXBuildFile section */
		1C0ADC3916A6238900ACC0EA /* init-sample.json in Resources */ = {isa = PBXBuildFile; fileRef = 1C0ADC3816A6238900ACC0EA /* init-sample.json */; };
		1C4CC88516A48B3800C33DEC /* Foundation.framework in Frameworks */ = {isa = PBXBuildFile; fileRef = 1C4CC88416A48B3800C33DEC /* Foundation.framework */; };
		1C4CC89416A48B3800C33DEC /* SenTestingKit.framework in Frameworks */ = {isa = PBXBuildFile; fileRef = 1C4CC89316A48B3800C33DEC /* SenTestingKit.framework */; };
		1C4CC89716A48B3800C33DEC /* Foundation.framework in Frameworks */ = {isa = PBXBuildFile; fileRef = 1C4CC88416A48B3800C33DEC /* Foundation.framework */; };
		1C4CC8A016A48B3800C33DEC /* InfoPlist.strings in Resources */ = {isa = PBXBuildFile; fileRef = 1C4CC89E16A48B3800C33DEC /* InfoPlist.strings */; };
		1C4CC8A316A48B3800C33DEC /* LFSClientNetworkTests.m in Sources */ = {isa = PBXBuildFile; fileRef = 1C4CC8A216A48B3800C33DEC /* LFSClientNetworkTests.m */; };
		1CD5686E17A05DFC008ECF55 /* flag-sample.json in Resources */ = {isa = PBXBuildFile; fileRef = 1CD5686D17A05DFC008ECF55 /* flag-sample.json */; };
		1CF061F316B0936F00CFA905 /* LFTestingURLProtocol.m in Sources */ = {isa = PBXBuildFile; fileRef = 1CF061F216B0936F00CFA905 /* LFTestingURLProtocol.m */; };
		1CF061F616B093B500CFA905 /* LFSClientSpoofTests.m in Sources */ = {isa = PBXBuildFile; fileRef = 1CF061F516B093B500CFA905 /* LFSClientSpoofTests.m */; };
		1CF061FC16B098C500CFA905 /* LFSRC4Tests.m in Sources */ = {isa = PBXBuildFile; fileRef = 1CF061FB16B098C500CFA905 /* LFSRC4Tests.m */; };
		1CF0622616B0A39800CFA905 /* NSDate+RelativePast.m in Sources */ = {isa = PBXBuildFile; fileRef = 1CF0622116B0A39800CFA905 /* NSDate+RelativePast.m */; };
		1CF0622716B0A39800CFA905 /* NSDate+RelativePast.m in Sources */ = {isa = PBXBuildFile; fileRef = 1CF0622116B0A39800CFA905 /* NSDate+RelativePast.m */; };
		1CF0624016B0A3A900CFA905 /* LFAdminClient.m in Sources */ = {isa = PBXBuildFile; fileRef = 1CF0622E16B0A3A900CFA905 /* LFAdminClient.m */; };
		1CF0624116B0A3A900CFA905 /* LFAdminClient.m in Sources */ = {isa = PBXBuildFile; fileRef = 1CF0622E16B0A3A900CFA905 /* LFAdminClient.m */; };
		1CF0624416B0A3A900CFA905 /* LFBootstrapClient.m in Sources */ = {isa = PBXBuildFile; fileRef = 1CF0623216B0A3A900CFA905 /* LFBootstrapClient.m */; };
		1CF0624516B0A3A900CFA905 /* LFBootstrapClient.m in Sources */ = {isa = PBXBuildFile; fileRef = 1CF0623216B0A3A900CFA905 /* LFBootstrapClient.m */; };
		1CF0624816B0A3A900CFA905 /* LFClientBase.m in Sources */ = {isa = PBXBuildFile; fileRef = 1CF0623716B0A3A900CFA905 /* LFClientBase.m */; };
		1CF0624916B0A3A900CFA905 /* LFClientBase.m in Sources */ = {isa = PBXBuildFile; fileRef = 1CF0623716B0A3A900CFA905 /* LFClientBase.m */; };
		1CF0624A16B0A3A900CFA905 /* LFSConstants.m in Sources */ = {isa = PBXBuildFile; fileRef = 1CF0623916B0A3A900CFA905 /* LFSConstants.m */; };
		1CF0624B16B0A3A900CFA905 /* LFSConstants.m in Sources */ = {isa = PBXBuildFile; fileRef = 1CF0623916B0A3A900CFA905 /* LFSConstants.m */; };
		1CF0624F16B0A3A900CFA905 /* LFStreamClient.m in Sources */ = {isa = PBXBuildFile; fileRef = 1CF0623D16B0A3A900CFA905 /* LFStreamClient.m */; };
		1CF0625016B0A3A900CFA905 /* LFWriteClient.m in Sources */ = {isa = PBXBuildFile; fileRef = 1CF0623F16B0A3A900CFA905 /* LFWriteClient.m */; };
		1CF0625116B0A3A900CFA905 /* LFWriteClient.m in Sources */ = {isa = PBXBuildFile; fileRef = 1CF0623F16B0A3A900CFA905 /* LFWriteClient.m */; };
		1CF0625616B1BD5B00CFA905 /* like-sample.json in Resources */ = {isa = PBXBuildFile; fileRef = 1CF0625316B1BD5B00CFA905 /* like-sample.json */; };
		1CF0625716B1BD5B00CFA905 /* post-sample.json in Resources */ = {isa = PBXBuildFile; fileRef = 1CF0625416B1BD5B00CFA905 /* post-sample.json */; };
		1CF0625816B1BD5B00CFA905 /* stream-sample.json in Resources */ = {isa = PBXBuildFile; fileRef = 1CF0625516B1BD5B00CFA905 /* stream-sample.json */; };
		1CF0625A16B1BD6900CFA905 /* usercontent-sample.json in Resources */ = {isa = PBXBuildFile; fileRef = 1CF0625916B1BD6900CFA905 /* usercontent-sample.json */; };
		1CF0625C16B1BD7100CFA905 /* hottest-sample.json in Resources */ = {isa = PBXBuildFile; fileRef = 1CF0625B16B1BD7100CFA905 /* hottest-sample.json */; };
		1CF0625E16B1C5E700CFA905 /* auth-sample.json in Resources */ = {isa = PBXBuildFile; fileRef = 1CF0625D16B1C5E700CFA905 /* auth-sample.json */; };
		1CF0626916B323D700CFA905 /* number-test.json in Resources */ = {isa = PBXBuildFile; fileRef = 1CF0626816B323D700CFA905 /* number-test.json */; };
		1CF7064216C32D5D009BD41D /* content-sample.json in Resources */ = {isa = PBXBuildFile; fileRef = 1CF7064116C32D5D009BD41D /* content-sample.json */; };
		242AF4A5187F4AB2A678F00D /* libPods.a in Frameworks */ = {isa = PBXBuildFile; fileRef = 59C0EABAA1D1406582C1062E /* libPods.a */; };
		80F04E573427492DA62B274F /* libPods-test.a in Frameworks */ = {isa = PBXBuildFile; fileRef = 093ED4A404DF430CB8D560C5 /* libPods-test.a */; };
		EF03D34717C538F20097FDD3 /* CoreGraphics.framework in Frameworks */ = {isa = PBXBuildFile; fileRef = EF03D34617C538F20097FDD3 /* CoreGraphics.framework */; };
		EF03D34917C539060097FDD3 /* Security.framework in Frameworks */ = {isa = PBXBuildFile; fileRef = EF03D34817C539060097FDD3 /* Security.framework */; };
		EF03D34A17C5391C0097FDD3 /* SystemConfiguration.framework in Frameworks */ = {isa = PBXBuildFile; fileRef = EF21AB9917C3E19900094CC2 /* SystemConfiguration.framework */; };
		EF03D34B17C539460097FDD3 /* MobileCoreServices.framework in Frameworks */ = {isa = PBXBuildFile; fileRef = EF21AB9717C3E19200094CC2 /* MobileCoreServices.framework */; };
		EF03D34D17C53A7D0097FDD3 /* LFNetworkingTests.m in Sources */ = {isa = PBXBuildFile; fileRef = EF03D34C17C53A7D0097FDD3 /* LFNetworkingTests.m */; };
		EF1AD63D17CC3D71008D157F /* LFConfig.plist in Resources */ = {isa = PBXBuildFile; fileRef = EF1AD63C17CC3D71008D157F /* LFConfig.plist */; };
		EF21AB9D17C3E26500094CC2 /* MobileCoreServices.framework in Frameworks */ = {isa = PBXBuildFile; fileRef = EF21AB9717C3E19200094CC2 /* MobileCoreServices.framework */; };
		EF21AB9E17C3E26B00094CC2 /* SystemConfiguration.framework in Frameworks */ = {isa = PBXBuildFile; fileRef = EF21AB9917C3E19900094CC2 /* SystemConfiguration.framework */; };
		EF263C4017CD4077008BA219 /* NSString+LFSEref.h in Headers */ = {isa = PBXBuildFile; fileRef = EF263C3E17CD4077008BA219 /* NSString+LFSEref.h */; };
		EF263C4117CD4077008BA219 /* NSString+LFSEref.m in Sources */ = {isa = PBXBuildFile; fileRef = EF263C3F17CD4077008BA219 /* NSString+LFSEref.m */; };
		EF263C4217CD4077008BA219 /* NSString+LFSEref.m in Sources */ = {isa = PBXBuildFile; fileRef = EF263C3F17CD4077008BA219 /* NSString+LFSEref.m */; };
		EF33A21717B95AD2007A2476 /* LFConfig.h in Headers */ = {isa = PBXBuildFile; fileRef = EF33A21517B95AD2007A2476 /* LFConfig.h */; settings = {ATTRIBUTES = (Public, ); }; };
		EF33A21817B95AD2007A2476 /* LFConfig.m in Sources */ = {isa = PBXBuildFile; fileRef = EF33A21617B95AD2007A2476 /* LFConfig.m */; };
		EF33A21E17B95F13007A2476 /* LFConfig.m in Sources */ = {isa = PBXBuildFile; fileRef = EF33A21617B95AD2007A2476 /* LFConfig.m */; };
		EF35D0F517CD58A200E47161 /* LFSBaseClient.h in Headers */ = {isa = PBXBuildFile; fileRef = EF35D0F317CD58A200E47161 /* LFSBaseClient.h */; };
		EF35D0F617CD58A200E47161 /* LFSBaseClient.m in Sources */ = {isa = PBXBuildFile; fileRef = EF35D0F417CD58A200E47161 /* LFSBaseClient.m */; };
		EF35D0F717CD58A200E47161 /* LFSBaseClient.m in Sources */ = {isa = PBXBuildFile; fileRef = EF35D0F417CD58A200E47161 /* LFSBaseClient.m */; };
		EF3D39AF17C6F5400014807D /* LFSAdminClient.h in Headers */ = {isa = PBXBuildFile; fileRef = EF3D39AD17C6F5400014807D /* LFSAdminClient.h */; };
		EF3D39B017C6F5400014807D /* LFSAdminClient.m in Sources */ = {isa = PBXBuildFile; fileRef = EF3D39AE17C6F5400014807D /* LFSAdminClient.m */; };
		EF3D39B117C6F5400014807D /* LFSAdminClient.m in Sources */ = {isa = PBXBuildFile; fileRef = EF3D39AE17C6F5400014807D /* LFSAdminClient.m */; };
		EF3D39B317C6FCD00014807D /* lftypes.h in Headers */ = {isa = PBXBuildFile; fileRef = EF3D39B217C6FCD00014807D /* lftypes.h */; };
		EF3D39BB17C702940014807D /* LFSWriteClient.h in Headers */ = {isa = PBXBuildFile; fileRef = EF3D39B917C702940014807D /* LFSWriteClient.h */; };
		EF3D39BC17C702940014807D /* LFSWriteClient.m in Sources */ = {isa = PBXBuildFile; fileRef = EF3D39BA17C702940014807D /* LFSWriteClient.m */; };
		EF3D39BD17C702940014807D /* LFSWriteClient.m in Sources */ = {isa = PBXBuildFile; fileRef = EF3D39BA17C702940014807D /* LFSWriteClient.m */; };
		EF3F1E4B17C4879D004E61A4 /* LFSBoostrapClient.h in Headers */ = {isa = PBXBuildFile; fileRef = EF3F1E4917C4879D004E61A4 /* LFSBoostrapClient.h */; };
		EF3F1E4C17C4879D004E61A4 /* LFSBoostrapClient.m in Sources */ = {isa = PBXBuildFile; fileRef = EF3F1E4A17C4879D004E61A4 /* LFSBoostrapClient.m */; };
		EF3F1E4D17C4879D004E61A4 /* LFSBoostrapClient.m in Sources */ = {isa = PBXBuildFile; fileRef = EF3F1E4A17C4879D004E61A4 /* LFSBoostrapClient.m */; };
		EF3F1E5417C487ED004E61A4 /* LFSJSONRequestOperation.h in Headers */ = {isa = PBXBuildFile; fileRef = EF3F1E5217C487ED004E61A4 /* LFSJSONRequestOperation.h */; };
		EF3F1E5517C487ED004E61A4 /* LFSJSONRequestOperation.m in Sources */ = {isa = PBXBuildFile; fileRef = EF3F1E5317C487ED004E61A4 /* LFSJSONRequestOperation.m */; };
		EF3F1E5617C487ED004E61A4 /* LFSJSONRequestOperation.m in Sources */ = {isa = PBXBuildFile; fileRef = EF3F1E5317C487ED004E61A4 /* LFSJSONRequestOperation.m */; };
		EF56AF8D17C6CEB50086127D /* LFSJSONKitTests.m in Sources */ = {isa = PBXBuildFile; fileRef = EF56AF8C17C6CEB50086127D /* LFSJSONKitTests.m */; };
		EF86E60C17C2C24B0061E773 /* NSDate+RelativePast.h in Headers */ = {isa = PBXBuildFile; fileRef = 1CF0622016B0A39800CFA905 /* NSDate+RelativePast.h */; settings = {ATTRIBUTES = (Public, ); }; };
		EF9FD3CC17B40897009FE59D /* LFStreamClient.m in Sources */ = {isa = PBXBuildFile; fileRef = 1CF0623D16B0A3A900CFA905 /* LFStreamClient.m */; };
		EF9FD45217B4476B009FE59D /* LFClient.h in Headers */ = {isa = PBXBuildFile; fileRef = 1CF0623416B0A3A900CFA905 /* LFClient.h */; settings = {ATTRIBUTES = (Public, ); }; };
		EF9FD45417B4476B009FE59D /* LFSConstants.h in Headers */ = {isa = PBXBuildFile; fileRef = 1CF0623816B0A3A900CFA905 /* LFSConstants.h */; settings = {ATTRIBUTES = (Public, ); }; };
		EF9FD45517B4476B009FE59D /* LFClientBase.h in Headers */ = {isa = PBXBuildFile; fileRef = 1CF0623616B0A3A900CFA905 /* LFClientBase.h */; settings = {ATTRIBUTES = (Public, ); }; };
		EF9FD45617B4476B009FE59D /* LFAdminClient.h in Headers */ = {isa = PBXBuildFile; fileRef = 1CF0622D16B0A3A900CFA905 /* LFAdminClient.h */; settings = {ATTRIBUTES = (Public, ); }; };
		EF9FD45717B4476B009FE59D /* LFBootstrapClient.h in Headers */ = {isa = PBXBuildFile; fileRef = 1CF0623116B0A3A900CFA905 /* LFBootstrapClient.h */; settings = {ATTRIBUTES = (Public, ); }; };
		EF9FD45917B4476B009FE59D /* LFStreamClient.h in Headers */ = {isa = PBXBuildFile; fileRef = 1CF0623C16B0A3A900CFA905 /* LFStreamClient.h */; settings = {ATTRIBUTES = (Public, ); }; };
		EF9FD45A17B4476B009FE59D /* LFWriteClient.h in Headers */ = {isa = PBXBuildFile; fileRef = 1CF0623E16B0A3A900CFA905 /* LFWriteClient.h */; settings = {ATTRIBUTES = (Public, ); }; };
		EFA2AADF17B5AE870022DC8E /* JSONKit.h in Headers */ = {isa = PBXBuildFile; fileRef = EFA2AADD17B5AE870022DC8E /* JSONKit.h */; settings = {ATTRIBUTES = (Public, ); }; };
		EFA2AAE017B5AE870022DC8E /* JSONKit.m in Sources */ = {isa = PBXBuildFile; fileRef = EFA2AADE17B5AE870022DC8E /* JSONKit.m */; settings = {COMPILER_FLAGS = "-fno-objc-arc -w"; }; };
		EFA2AAE117B5AE870022DC8E /* JSONKit.m in Sources */ = {isa = PBXBuildFile; fileRef = EFA2AADE17B5AE870022DC8E /* JSONKit.m */; settings = {COMPILER_FLAGS = "-fno-objc-arc -w"; }; };
		EFDD477617CA3771009AEE9E /* livefyre-logo.png in Resources */ = {isa = PBXBuildFile; fileRef = EFDD477417CA3771009AEE9E /* livefyre-logo.png */; };
		EFDD477717CA3771009AEE9E /* livefyre-logo@2x.png in Resources */ = {isa = PBXBuildFile; fileRef = EFDD477517CA3771009AEE9E /* livefyre-logo@2x.png */; };
		EFE0420E17C3154B0011DD6A /* UIKit.framework in Frameworks */ = {isa = PBXBuildFile; fileRef = EFE0420D17C3154B0011DD6A /* UIKit.framework */; };
		EFE0CB1317C535EF00775C9C /* LFSClientTests.m in Sources */ = {isa = PBXBuildFile; fileRef = EFE0CB1117C535EF00775C9C /* LFSClientTests.m */; };
/* End PBXBuildFile section */

/* Begin PBXContainerItemProxy section */
		1C4CC89816A48B3800C33DEC /* PBXContainerItemProxy */ = {
			isa = PBXContainerItemProxy;
			containerPortal = 1C4CC87816A48B3800C33DEC /* Project object */;
			proxyType = 1;
			remoteGlobalIDString = 1C4CC88016A48B3800C33DEC;
			remoteInfo = LFClient;
		};
/* End PBXContainerItemProxy section */

/* Begin PBXCopyFilesBuildPhase section */
		1C4CC87F16A48B3800C33DEC /* CopyFiles */ = {
			isa = PBXCopyFilesBuildPhase;
			buildActionMask = 2147483647;
			dstPath = "include/${PRODUCT_NAME}";
			dstSubfolderSpec = 16;
			files = (
			);
			runOnlyForDeploymentPostprocessing = 0;
		};
/* End PBXCopyFilesBuildPhase section */

/* Begin PBXFileReference section */
		02CB172F1F6340C29045EFCF /* Pods.xcconfig */ = {isa = PBXFileReference; includeInIndex = 1; lastKnownFileType = text.xcconfig; name = Pods.xcconfig; path = Pods/Pods.xcconfig; sourceTree = SOURCE_ROOT; };
		093ED4A404DF430CB8D560C5 /* libPods-test.a */ = {isa = PBXFileReference; explicitFileType = archive.ar; includeInIndex = 0; path = "libPods-test.a"; sourceTree = BUILT_PRODUCTS_DIR; };
		1C0ADC3816A6238900ACC0EA /* init-sample.json */ = {isa = PBXFileReference; fileEncoding = 4; lastKnownFileType = text.json; path = "init-sample.json"; sourceTree = "<group>"; };
		1C4CC88116A48B3800C33DEC /* libLFClient.a */ = {isa = PBXFileReference; explicitFileType = archive.ar; includeInIndex = 0; path = libLFClient.a; sourceTree = BUILT_PRODUCTS_DIR; };
		1C4CC88416A48B3800C33DEC /* Foundation.framework */ = {isa = PBXFileReference; lastKnownFileType = wrapper.framework; name = Foundation.framework; path = System/Library/Frameworks/Foundation.framework; sourceTree = SDKROOT; };
		1C4CC89216A48B3800C33DEC /* LFClientTests.octest */ = {isa = PBXFileReference; explicitFileType = wrapper.cfbundle; includeInIndex = 0; path = LFClientTests.octest; sourceTree = BUILT_PRODUCTS_DIR; };
		1C4CC89316A48B3800C33DEC /* SenTestingKit.framework */ = {isa = PBXFileReference; lastKnownFileType = wrapper.framework; name = SenTestingKit.framework; path = Library/Frameworks/SenTestingKit.framework; sourceTree = DEVELOPER_DIR; };
		1C4CC89D16A48B3800C33DEC /* LFClientTests-Info.plist */ = {isa = PBXFileReference; lastKnownFileType = text.plist.xml; path = "LFClientTests-Info.plist"; sourceTree = "<group>"; };
		1C4CC89F16A48B3800C33DEC /* en */ = {isa = PBXFileReference; lastKnownFileType = text.plist.strings; name = en; path = en.lproj/InfoPlist.strings; sourceTree = "<group>"; };
		1C4CC8A216A48B3800C33DEC /* LFSClientNetworkTests.m */ = {isa = PBXFileReference; lastKnownFileType = sourcecode.c.objc; path = LFSClientNetworkTests.m; sourceTree = "<group>"; };
		1CD5686D17A05DFC008ECF55 /* flag-sample.json */ = {isa = PBXFileReference; fileEncoding = 4; lastKnownFileType = text.json; path = "flag-sample.json"; sourceTree = "<group>"; };
		1CF061F116B0936F00CFA905 /* LFTestingURLProtocol.h */ = {isa = PBXFileReference; fileEncoding = 4; lastKnownFileType = sourcecode.c.h; path = LFTestingURLProtocol.h; sourceTree = "<group>"; };
		1CF061F216B0936F00CFA905 /* LFTestingURLProtocol.m */ = {isa = PBXFileReference; fileEncoding = 4; lastKnownFileType = sourcecode.c.objc; path = LFTestingURLProtocol.m; sourceTree = "<group>"; };
		1CF061F516B093B500CFA905 /* LFSClientSpoofTests.m */ = {isa = PBXFileReference; fileEncoding = 4; lastKnownFileType = sourcecode.c.objc; path = LFSClientSpoofTests.m; sourceTree = "<group>"; };
		1CF061FB16B098C500CFA905 /* LFSRC4Tests.m */ = {isa = PBXFileReference; fileEncoding = 4; lastKnownFileType = sourcecode.c.objc; path = LFSRC4Tests.m; sourceTree = "<group>"; };
		1CF0622016B0A39800CFA905 /* NSDate+RelativePast.h */ = {isa = PBXFileReference; fileEncoding = 4; lastKnownFileType = sourcecode.c.h; path = "NSDate+RelativePast.h"; sourceTree = "<group>"; };
		1CF0622116B0A39800CFA905 /* NSDate+RelativePast.m */ = {isa = PBXFileReference; fileEncoding = 4; lastKnownFileType = sourcecode.c.objc; path = "NSDate+RelativePast.m"; sourceTree = "<group>"; };
		1CF0622D16B0A3A900CFA905 /* LFAdminClient.h */ = {isa = PBXFileReference; fileEncoding = 4; lastKnownFileType = sourcecode.c.h; path = LFAdminClient.h; sourceTree = "<group>"; };
		1CF0622E16B0A3A900CFA905 /* LFAdminClient.m */ = {isa = PBXFileReference; fileEncoding = 4; lastKnownFileType = sourcecode.c.objc; path = LFAdminClient.m; sourceTree = "<group>"; };
		1CF0623116B0A3A900CFA905 /* LFBootstrapClient.h */ = {isa = PBXFileReference; fileEncoding = 4; lastKnownFileType = sourcecode.c.h; path = LFBootstrapClient.h; sourceTree = "<group>"; };
		1CF0623216B0A3A900CFA905 /* LFBootstrapClient.m */ = {isa = PBXFileReference; fileEncoding = 4; lastKnownFileType = sourcecode.c.objc; path = LFBootstrapClient.m; sourceTree = "<group>"; };
		1CF0623416B0A3A900CFA905 /* LFClient.h */ = {isa = PBXFileReference; fileEncoding = 4; lastKnownFileType = sourcecode.c.h; name = LFClient.h; path = Classes/LFClient.h; sourceTree = "<group>"; };
		1CF0623616B0A3A900CFA905 /* LFClientBase.h */ = {isa = PBXFileReference; fileEncoding = 4; lastKnownFileType = sourcecode.c.h; path = LFClientBase.h; sourceTree = "<group>"; };
		1CF0623716B0A3A900CFA905 /* LFClientBase.m */ = {isa = PBXFileReference; fileEncoding = 4; lastKnownFileType = sourcecode.c.objc; path = LFClientBase.m; sourceTree = "<group>"; };
		1CF0623816B0A3A900CFA905 /* LFSConstants.h */ = {isa = PBXFileReference; fileEncoding = 4; lastKnownFileType = sourcecode.c.h; name = LFSConstants.h; path = Classes/LFSConstants.h; sourceTree = "<group>"; };
		1CF0623916B0A3A900CFA905 /* LFSConstants.m */ = {isa = PBXFileReference; fileEncoding = 4; lastKnownFileType = sourcecode.c.objc; name = LFSConstants.m; path = Classes/LFSConstants.m; sourceTree = "<group>"; };
		1CF0623C16B0A3A900CFA905 /* LFStreamClient.h */ = {isa = PBXFileReference; fileEncoding = 4; lastKnownFileType = sourcecode.c.h; path = LFStreamClient.h; sourceTree = "<group>"; };
		1CF0623D16B0A3A900CFA905 /* LFStreamClient.m */ = {isa = PBXFileReference; fileEncoding = 4; lastKnownFileType = sourcecode.c.objc; path = LFStreamClient.m; sourceTree = "<group>"; };
		1CF0623E16B0A3A900CFA905 /* LFWriteClient.h */ = {isa = PBXFileReference; fileEncoding = 4; lastKnownFileType = sourcecode.c.h; path = LFWriteClient.h; sourceTree = "<group>"; };
		1CF0623F16B0A3A900CFA905 /* LFWriteClient.m */ = {isa = PBXFileReference; fileEncoding = 4; lastKnownFileType = sourcecode.c.objc; path = LFWriteClient.m; sourceTree = "<group>"; };
		1CF0625216B0A64F00CFA905 /* LFClient-Prefix.pch */ = {isa = PBXFileReference; fileEncoding = 4; lastKnownFileType = sourcecode.c.h; path = "LFClient-Prefix.pch"; sourceTree = "<group>"; };
		1CF0625316B1BD5B00CFA905 /* like-sample.json */ = {isa = PBXFileReference; fileEncoding = 4; lastKnownFileType = text.json; path = "like-sample.json"; sourceTree = "<group>"; };
		1CF0625416B1BD5B00CFA905 /* post-sample.json */ = {isa = PBXFileReference; fileEncoding = 4; lastKnownFileType = text.json; path = "post-sample.json"; sourceTree = "<group>"; };
		1CF0625516B1BD5B00CFA905 /* stream-sample.json */ = {isa = PBXFileReference; fileEncoding = 4; lastKnownFileType = text.json; path = "stream-sample.json"; sourceTree = "<group>"; };
		1CF0625916B1BD6900CFA905 /* usercontent-sample.json */ = {isa = PBXFileReference; fileEncoding = 4; lastKnownFileType = text.json; path = "usercontent-sample.json"; sourceTree = "<group>"; };
		1CF0625B16B1BD7100CFA905 /* hottest-sample.json */ = {isa = PBXFileReference; fileEncoding = 4; lastKnownFileType = text.json; path = "hottest-sample.json"; sourceTree = "<group>"; };
		1CF0625D16B1C5E700CFA905 /* auth-sample.json */ = {isa = PBXFileReference; fileEncoding = 4; lastKnownFileType = text.json; path = "auth-sample.json"; sourceTree = "<group>"; };
		1CF0626816B323D700CFA905 /* number-test.json */ = {isa = PBXFileReference; fileEncoding = 4; lastKnownFileType = text.json; path = "number-test.json"; sourceTree = "<group>"; };
		1CF7064116C32D5D009BD41D /* content-sample.json */ = {isa = PBXFileReference; fileEncoding = 4; lastKnownFileType = text.json; path = "content-sample.json"; sourceTree = "<group>"; };
		400C3847B3944FFB8721989F /* Pods-test.xcconfig */ = {isa = PBXFileReference; includeInIndex = 1; lastKnownFileType = text.xcconfig; name = "Pods-test.xcconfig"; path = "Pods/Pods-test.xcconfig"; sourceTree = SOURCE_ROOT; };
		59C0EABAA1D1406582C1062E /* libPods.a */ = {isa = PBXFileReference; explicitFileType = archive.ar; includeInIndex = 0; path = libPods.a; sourceTree = BUILT_PRODUCTS_DIR; };
		E78CF8C1B513498AABE45C8B /* Pods-default.xcconfig */ = {isa = PBXFileReference; includeInIndex = 1; lastKnownFileType = text.xcconfig; name = "Pods-default.xcconfig"; path = "Pods/Pods-default.xcconfig"; sourceTree = SOURCE_ROOT; };
		EF03D34617C538F20097FDD3 /* CoreGraphics.framework */ = {isa = PBXFileReference; lastKnownFileType = wrapper.framework; name = CoreGraphics.framework; path = System/Library/Frameworks/CoreGraphics.framework; sourceTree = SDKROOT; };
		EF03D34817C539060097FDD3 /* Security.framework */ = {isa = PBXFileReference; lastKnownFileType = wrapper.framework; name = Security.framework; path = System/Library/Frameworks/Security.framework; sourceTree = SDKROOT; };
		EF03D34C17C53A7D0097FDD3 /* LFNetworkingTests.m */ = {isa = PBXFileReference; fileEncoding = 4; lastKnownFileType = sourcecode.c.objc; path = LFNetworkingTests.m; sourceTree = "<group>"; };
		EF1AD63C17CC3D71008D157F /* LFConfig.plist */ = {isa = PBXFileReference; fileEncoding = 4; lastKnownFileType = text.plist.xml; path = LFConfig.plist; sourceTree = "<group>"; };
		EF21AB9717C3E19200094CC2 /* MobileCoreServices.framework */ = {isa = PBXFileReference; lastKnownFileType = wrapper.framework; name = MobileCoreServices.framework; path = System/Library/Frameworks/MobileCoreServices.framework; sourceTree = SDKROOT; };
		EF21AB9917C3E19900094CC2 /* SystemConfiguration.framework */ = {isa = PBXFileReference; lastKnownFileType = wrapper.framework; name = SystemConfiguration.framework; path = System/Library/Frameworks/SystemConfiguration.framework; sourceTree = SDKROOT; };
		EF263C3E17CD4077008BA219 /* NSString+LFSEref.h */ = {isa = PBXFileReference; fileEncoding = 4; lastKnownFileType = sourcecode.c.h; name = "NSString+LFSEref.h"; path = "LFClient/Categories/NSString+LFSEref.h"; sourceTree = SOURCE_ROOT; };
		EF263C3F17CD4077008BA219 /* NSString+LFSEref.m */ = {isa = PBXFileReference; fileEncoding = 4; lastKnownFileType = sourcecode.c.objc; name = "NSString+LFSEref.m"; path = "LFClient/Categories/NSString+LFSEref.m"; sourceTree = SOURCE_ROOT; };
		EF33A21517B95AD2007A2476 /* LFConfig.h */ = {isa = PBXFileReference; fileEncoding = 4; lastKnownFileType = sourcecode.c.h; path = LFConfig.h; sourceTree = "<group>"; };
		EF33A21617B95AD2007A2476 /* LFConfig.m */ = {isa = PBXFileReference; fileEncoding = 4; lastKnownFileType = sourcecode.c.objc; path = LFConfig.m; sourceTree = "<group>"; };
		EF35D0F317CD58A200E47161 /* LFSBaseClient.h */ = {isa = PBXFileReference; fileEncoding = 4; lastKnownFileType = sourcecode.c.h; name = LFSBaseClient.h; path = LFClient/exp/Classes/LFSBaseClient.h; sourceTree = "<group>"; };
		EF35D0F417CD58A200E47161 /* LFSBaseClient.m */ = {isa = PBXFileReference; fileEncoding = 4; lastKnownFileType = sourcecode.c.objc; name = LFSBaseClient.m; path = LFClient/exp/Classes/LFSBaseClient.m; sourceTree = "<group>"; };
		EF3D39AD17C6F5400014807D /* LFSAdminClient.h */ = {isa = PBXFileReference; fileEncoding = 4; lastKnownFileType = sourcecode.c.h; name = LFSAdminClient.h; path = LFClient/exp/Classes/LFSAdminClient.h; sourceTree = "<group>"; };
		EF3D39AE17C6F5400014807D /* LFSAdminClient.m */ = {isa = PBXFileReference; fileEncoding = 4; lastKnownFileType = sourcecode.c.objc; name = LFSAdminClient.m; path = LFClient/exp/Classes/LFSAdminClient.m; sourceTree = "<group>"; };
		EF3D39B217C6FCD00014807D /* lftypes.h */ = {isa = PBXFileReference; fileEncoding = 4; lastKnownFileType = sourcecode.c.h; name = lftypes.h; path = LFClient/exp/Classes/lftypes.h; sourceTree = SOURCE_ROOT; };
		EF3D39B917C702940014807D /* LFSWriteClient.h */ = {isa = PBXFileReference; fileEncoding = 4; lastKnownFileType = sourcecode.c.h; name = LFSWriteClient.h; path = LFClient/exp/Classes/LFSWriteClient.h; sourceTree = "<group>"; };
		EF3D39BA17C702940014807D /* LFSWriteClient.m */ = {isa = PBXFileReference; fileEncoding = 4; lastKnownFileType = sourcecode.c.objc; name = LFSWriteClient.m; path = LFClient/exp/Classes/LFSWriteClient.m; sourceTree = "<group>"; };
		EF3F1E4917C4879D004E61A4 /* LFSBoostrapClient.h */ = {isa = PBXFileReference; fileEncoding = 4; lastKnownFileType = sourcecode.c.h; name = LFSBoostrapClient.h; path = LFClient/exp/Classes/LFSBoostrapClient.h; sourceTree = "<group>"; };
		EF3F1E4A17C4879D004E61A4 /* LFSBoostrapClient.m */ = {isa = PBXFileReference; fileEncoding = 4; lastKnownFileType = sourcecode.c.objc; name = LFSBoostrapClient.m; path = LFClient/exp/Classes/LFSBoostrapClient.m; sourceTree = "<group>"; };
		EF3F1E5217C487ED004E61A4 /* LFSJSONRequestOperation.h */ = {isa = PBXFileReference; fileEncoding = 4; lastKnownFileType = sourcecode.c.h; name = LFSJSONRequestOperation.h; path = LFClient/exp/Classes/LFSJSONRequestOperation.h; sourceTree = "<group>"; };
		EF3F1E5317C487ED004E61A4 /* LFSJSONRequestOperation.m */ = {isa = PBXFileReference; fileEncoding = 4; lastKnownFileType = sourcecode.c.objc; name = LFSJSONRequestOperation.m; path = LFClient/exp/Classes/LFSJSONRequestOperation.m; sourceTree = "<group>"; };
		EF56AF8C17C6CEB50086127D /* LFSJSONKitTests.m */ = {isa = PBXFileReference; fileEncoding = 4; lastKnownFileType = sourcecode.c.objc; path = LFSJSONKitTests.m; sourceTree = "<group>"; };
		EFA2AADD17B5AE870022DC8E /* JSONKit.h */ = {isa = PBXFileReference; fileEncoding = 4; lastKnownFileType = sourcecode.c.h; name = JSONKit.h; path = vendor/JSONKit/JSONKit.h; sourceTree = "<group>"; };
		EFA2AADE17B5AE870022DC8E /* JSONKit.m */ = {isa = PBXFileReference; fileEncoding = 4; lastKnownFileType = sourcecode.c.objc; name = JSONKit.m; path = vendor/JSONKit/JSONKit.m; sourceTree = "<group>"; };
		EFDD477417CA3771009AEE9E /* livefyre-logo.png */ = {isa = PBXFileReference; lastKnownFileType = image.png; name = "livefyre-logo.png"; path = "Resources/livefyre-logo.png"; sourceTree = "<group>"; };
		EFDD477517CA3771009AEE9E /* livefyre-logo@2x.png */ = {isa = PBXFileReference; lastKnownFileType = image.png; name = "livefyre-logo@2x.png"; path = "Resources/livefyre-logo@2x.png"; sourceTree = "<group>"; };
		EFE0420D17C3154B0011DD6A /* UIKit.framework */ = {isa = PBXFileReference; lastKnownFileType = wrapper.framework; name = UIKit.framework; path = System/Library/Frameworks/UIKit.framework; sourceTree = SDKROOT; };
		EFE0CB1117C535EF00775C9C /* LFSClientTests.m */ = {isa = PBXFileReference; fileEncoding = 4; lastKnownFileType = sourcecode.c.objc; path = LFSClientTests.m; sourceTree = "<group>"; };
		EFE0CB1217C535EF00775C9C /* LFNetworkingTests.h */ = {isa = PBXFileReference; fileEncoding = 4; lastKnownFileType = sourcecode.c.h; path = LFNetworkingTests.h; sourceTree = "<group>"; };
/* End PBXFileReference section */

/* Begin PBXFrameworksBuildPhase section */
		1C4CC87E16A48B3800C33DEC /* Frameworks */ = {
			isa = PBXFrameworksBuildPhase;
			buildActionMask = 2147483647;
			files = (
				EF21AB9E17C3E26B00094CC2 /* SystemConfiguration.framework in Frameworks */,
				EF21AB9D17C3E26500094CC2 /* MobileCoreServices.framework in Frameworks */,
				1C4CC88516A48B3800C33DEC /* Foundation.framework in Frameworks */,
				242AF4A5187F4AB2A678F00D /* libPods.a in Frameworks */,
			);
			runOnlyForDeploymentPostprocessing = 0;
		};
		1C4CC88E16A48B3800C33DEC /* Frameworks */ = {
			isa = PBXFrameworksBuildPhase;
			buildActionMask = 2147483647;
			files = (
				EF03D34B17C539460097FDD3 /* MobileCoreServices.framework in Frameworks */,
				EF03D34A17C5391C0097FDD3 /* SystemConfiguration.framework in Frameworks */,
				EF03D34917C539060097FDD3 /* Security.framework in Frameworks */,
				EF03D34717C538F20097FDD3 /* CoreGraphics.framework in Frameworks */,
				EFE0420E17C3154B0011DD6A /* UIKit.framework in Frameworks */,
				1C4CC89416A48B3800C33DEC /* SenTestingKit.framework in Frameworks */,
				1C4CC89716A48B3800C33DEC /* Foundation.framework in Frameworks */,
				80F04E573427492DA62B274F /* libPods-test.a in Frameworks */,
			);
			runOnlyForDeploymentPostprocessing = 0;
		};
/* End PBXFrameworksBuildPhase section */

/* Begin PBXGroup section */
		1C4CC87616A48B3800C33DEC = {
			isa = PBXGroup;
			children = (
				EFA2AAD917B5A6C30022DC8E /* JSONKit */,
				1C4CC88616A48B3800C33DEC /* LFClient */,
				1C4CC89B16A48B3800C33DEC /* LFClientTests */,
				1C4CC88316A48B3800C33DEC /* Frameworks */,
				1C4CC88216A48B3800C33DEC /* Products */,
				02CB172F1F6340C29045EFCF /* Pods.xcconfig */,
				400C3847B3944FFB8721989F /* Pods-test.xcconfig */,
				E78CF8C1B513498AABE45C8B /* Pods-default.xcconfig */,
			);
			sourceTree = "<group>";
		};
		1C4CC88216A48B3800C33DEC /* Products */ = {
			isa = PBXGroup;
			children = (
				1C4CC88116A48B3800C33DEC /* libLFClient.a */,
				1C4CC89216A48B3800C33DEC /* LFClientTests.octest */,
			);
			name = Products;
			sourceTree = "<group>";
		};
		1C4CC88316A48B3800C33DEC /* Frameworks */ = {
			isa = PBXGroup;
			children = (
				EF03D34817C539060097FDD3 /* Security.framework */,
				EF03D34617C538F20097FDD3 /* CoreGraphics.framework */,
				EF21AB9917C3E19900094CC2 /* SystemConfiguration.framework */,
				EF21AB9717C3E19200094CC2 /* MobileCoreServices.framework */,
				1C4CC88416A48B3800C33DEC /* Foundation.framework */,
				EFE0420D17C3154B0011DD6A /* UIKit.framework */,
				1C4CC89316A48B3800C33DEC /* SenTestingKit.framework */,
				093ED4A404DF430CB8D560C5 /* libPods-test.a */,
				59C0EABAA1D1406582C1062E /* libPods.a */,
			);
			name = Frameworks;
			sourceTree = "<group>";
		};
		1C4CC88616A48B3800C33DEC /* LFClient */ = {
			isa = PBXGroup;
			children = (
				1CF0623416B0A3A900CFA905 /* LFClient.h */,
				EF3D39B217C6FCD00014807D /* lftypes.h */,
				1CF0623816B0A3A900CFA905 /* LFSConstants.h */,
				1CF0623916B0A3A900CFA905 /* LFSConstants.m */,
				EF3F1E4117C45E8E004E61A4 /* exp */,
				1CF0621F16B0A39800CFA905 /* Categories */,
				1CF0622C16B0A3A900CFA905 /* Classes */,
				1C4CC88716A48B3800C33DEC /* Supporting Files */,
			);
			path = LFClient;
			sourceTree = "<group>";
		};
		1C4CC88716A48B3800C33DEC /* Supporting Files */ = {
			isa = PBXGroup;
			children = (
				EFDD477417CA3771009AEE9E /* livefyre-logo.png */,
				EFDD477517CA3771009AEE9E /* livefyre-logo@2x.png */,
				1CF0625216B0A64F00CFA905 /* LFClient-Prefix.pch */,
			);
			name = "Supporting Files";
			sourceTree = "<group>";
		};
		1C4CC89B16A48B3800C33DEC /* LFClientTests */ = {
			isa = PBXGroup;
			children = (
				EF1AD63C17CC3D71008D157F /* LFConfig.plist */,
				EFB9AB9B17C779740083ED47 /* Tests */,
				EFE0CB1217C535EF00775C9C /* LFNetworkingTests.h */,
				EF03D34C17C53A7D0097FDD3 /* LFNetworkingTests.m */,
				1CF061F116B0936F00CFA905 /* LFTestingURLProtocol.h */,
				1CF061F216B0936F00CFA905 /* LFTestingURLProtocol.m */,
				1C4CC89C16A48B3800C33DEC /* Supporting Files */,
			);
			path = LFClientTests;
			sourceTree = "<group>";
		};
		1C4CC89C16A48B3800C33DEC /* Supporting Files */ = {
			isa = PBXGroup;
			children = (
				1CD5686D17A05DFC008ECF55 /* flag-sample.json */,
				1CF7064116C32D5D009BD41D /* content-sample.json */,
				1CF0626816B323D700CFA905 /* number-test.json */,
				1CF0625D16B1C5E700CFA905 /* auth-sample.json */,
				1CF0625B16B1BD7100CFA905 /* hottest-sample.json */,
				1CF0625916B1BD6900CFA905 /* usercontent-sample.json */,
				1CF0625316B1BD5B00CFA905 /* like-sample.json */,
				1CF0625416B1BD5B00CFA905 /* post-sample.json */,
				1CF0625516B1BD5B00CFA905 /* stream-sample.json */,
				1C0ADC3816A6238900ACC0EA /* init-sample.json */,
				1C4CC89D16A48B3800C33DEC /* LFClientTests-Info.plist */,
				1C4CC89E16A48B3800C33DEC /* InfoPlist.strings */,
			);
			name = "Supporting Files";
			sourceTree = "<group>";
		};
		1CF0621F16B0A39800CFA905 /* Categories */ = {
			isa = PBXGroup;
			children = (
				1CF0622016B0A39800CFA905 /* NSDate+RelativePast.h */,
				1CF0622116B0A39800CFA905 /* NSDate+RelativePast.m */,
				EF263C3E17CD4077008BA219 /* NSString+LFSEref.h */,
				EF263C3F17CD4077008BA219 /* NSString+LFSEref.m */,
			);
			path = Categories;
			sourceTree = "<group>";
		};
		1CF0622C16B0A3A900CFA905 /* Classes */ = {
			isa = PBXGroup;
			children = (
				EF33A21517B95AD2007A2476 /* LFConfig.h */,
				EF33A21617B95AD2007A2476 /* LFConfig.m */,
				1CF0623616B0A3A900CFA905 /* LFClientBase.h */,
				1CF0623716B0A3A900CFA905 /* LFClientBase.m */,
				1CF0622D16B0A3A900CFA905 /* LFAdminClient.h */,
				1CF0622E16B0A3A900CFA905 /* LFAdminClient.m */,
				1CF0623116B0A3A900CFA905 /* LFBootstrapClient.h */,
				1CF0623216B0A3A900CFA905 /* LFBootstrapClient.m */,
				1CF0623C16B0A3A900CFA905 /* LFStreamClient.h */,
				1CF0623D16B0A3A900CFA905 /* LFStreamClient.m */,
				1CF0623E16B0A3A900CFA905 /* LFWriteClient.h */,
				1CF0623F16B0A3A900CFA905 /* LFWriteClient.m */,
			);
			path = Classes;
			sourceTree = "<group>";
		};
		EF3F1E4017C45E8E004E61A4 /* Classes */ = {
			isa = PBXGroup;
			children = (
				EF3F1E5217C487ED004E61A4 /* LFSJSONRequestOperation.h */,
				EF3F1E5317C487ED004E61A4 /* LFSJSONRequestOperation.m */,
				EF35D0F317CD58A200E47161 /* LFSBaseClient.h */,
				EF35D0F417CD58A200E47161 /* LFSBaseClient.m */,
				EF3F1E4917C4879D004E61A4 /* LFSBoostrapClient.h */,
				EF3F1E4A17C4879D004E61A4 /* LFSBoostrapClient.m */,
				EF3D39AD17C6F5400014807D /* LFSAdminClient.h */,
				EF3D39AE17C6F5400014807D /* LFSAdminClient.m */,
				EF3D39B917C702940014807D /* LFSWriteClient.h */,
				EF3D39BA17C702940014807D /* LFSWriteClient.m */,
			);
			name = Classes;
			sourceTree = "<group>";
		};
		EF3F1E4117C45E8E004E61A4 /* exp */ = {
			isa = PBXGroup;
			children = (
				EF3F1E4017C45E8E004E61A4 /* Classes */,
			);
			name = exp;
			path = ..;
			sourceTree = "<group>";
		};
		EFA2AAD917B5A6C30022DC8E /* JSONKit */ = {
			isa = PBXGroup;
			children = (
				EFA2AADD17B5AE870022DC8E /* JSONKit.h */,
				EFA2AADE17B5AE870022DC8E /* JSONKit.m */,
			);
			name = JSONKit;
			sourceTree = "<group>";
		};
		EFB9AB9B17C779740083ED47 /* Tests */ = {
			isa = PBXGroup;
			children = (
				EFE0CB1117C535EF00775C9C /* LFSClientTests.m */,
				1CF061FB16B098C500CFA905 /* LFSRC4Tests.m */,
				EF56AF8C17C6CEB50086127D /* LFSJSONKitTests.m */,
				1C4CC8A216A48B3800C33DEC /* LFSClientNetworkTests.m */,
				1CF061F516B093B500CFA905 /* LFSClientSpoofTests.m */,
			);
			name = Tests;
			sourceTree = "<group>";
		};
/* End PBXGroup section */

/* Begin PBXHeadersBuildPhase section */
		EF9FD45117B44758009FE59D /* Headers */ = {
			isa = PBXHeadersBuildPhase;
			buildActionMask = 2147483647;
			files = (
				EF86E60C17C2C24B0061E773 /* NSDate+RelativePast.h in Headers */,
				EF35D0F517CD58A200E47161 /* LFSBaseClient.h in Headers */,
				EF33A21717B95AD2007A2476 /* LFConfig.h in Headers */,
				EF3F1E4B17C4879D004E61A4 /* LFSBoostrapClient.h in Headers */,
				EF3D39B317C6FCD00014807D /* lftypes.h in Headers */,
				EFA2AADF17B5AE870022DC8E /* JSONKit.h in Headers */,
				EF3D39BB17C702940014807D /* LFSWriteClient.h in Headers */,
				EF9FD45217B4476B009FE59D /* LFClient.h in Headers */,
				EF9FD45417B4476B009FE59D /* LFSConstants.h in Headers */,
				EF9FD45517B4476B009FE59D /* LFClientBase.h in Headers */,
				EF9FD45617B4476B009FE59D /* LFAdminClient.h in Headers */,
				EF9FD45717B4476B009FE59D /* LFBootstrapClient.h in Headers */,
				EF9FD45917B4476B009FE59D /* LFStreamClient.h in Headers */,
				EF263C4017CD4077008BA219 /* NSString+LFSEref.h in Headers */,
				EF3D39AF17C6F5400014807D /* LFSAdminClient.h in Headers */,
				EF9FD45A17B4476B009FE59D /* LFWriteClient.h in Headers */,
				EF3F1E5417C487ED004E61A4 /* LFSJSONRequestOperation.h in Headers */,
			);
			runOnlyForDeploymentPostprocessing = 0;
		};
/* End PBXHeadersBuildPhase section */

/* Begin PBXNativeTarget section */
		1C4CC88016A48B3800C33DEC /* LFClient */ = {
			isa = PBXNativeTarget;
			buildConfigurationList = 1C4CC8A616A48B3800C33DEC /* Build configuration list for PBXNativeTarget "LFClient" */;
			buildPhases = (
				CD3A79537CD744C6B4069A07 /* Check Pods Manifest.lock */,
				1C4CC87D16A48B3800C33DEC /* Sources */,
				1C4CC87E16A48B3800C33DEC /* Frameworks */,
				1C4CC87F16A48B3800C33DEC /* CopyFiles */,
				EF9FD45117B44758009FE59D /* Headers */,
				DF2B2AAA1DA44A39B995F9EB /* Copy Pods Resources */,
			);
			buildRules = (
			);
			dependencies = (
			);
			name = LFClient;
			productName = LFClient;
			productReference = 1C4CC88116A48B3800C33DEC /* libLFClient.a */;
			productType = "com.apple.product-type.library.static";
		};
		1C4CC89116A48B3800C33DEC /* LFClientTests */ = {
			isa = PBXNativeTarget;
			buildConfigurationList = 1C4CC8A916A48B3800C33DEC /* Build configuration list for PBXNativeTarget "LFClientTests" */;
			buildPhases = (
				FFCFA5D7517A4F5B9D563E42 /* Check Pods Manifest.lock */,
				1C4CC88D16A48B3800C33DEC /* Sources */,
				1C4CC88E16A48B3800C33DEC /* Frameworks */,
				1C4CC88F16A48B3800C33DEC /* Resources */,
				1C4CC89016A48B3800C33DEC /* Test Script */,
				F907893BB75C4BA08B5E8193 /* Copy Pods Resources */,
			);
			buildRules = (
			);
			dependencies = (
				1C4CC89916A48B3800C33DEC /* PBXTargetDependency */,
			);
			name = LFClientTests;
			productName = LFClientTests;
			productReference = 1C4CC89216A48B3800C33DEC /* LFClientTests.octest */;
			productType = "com.apple.product-type.bundle";
		};
/* End PBXNativeTarget section */

/* Begin PBXProject section */
		1C4CC87816A48B3800C33DEC /* Project object */ = {
			isa = PBXProject;
			attributes = {
				LastUpgradeCheck = 0450;
				ORGANIZATIONNAME = Livefyre;
			};
			buildConfigurationList = 1C4CC87B16A48B3800C33DEC /* Build configuration list for PBXProject "LFClient" */;
			compatibilityVersion = "Xcode 3.2";
			developmentRegion = English;
			hasScannedForEncodings = 0;
			knownRegions = (
				en,
			);
			mainGroup = 1C4CC87616A48B3800C33DEC;
			productRefGroup = 1C4CC88216A48B3800C33DEC /* Products */;
			projectDirPath = "";
			projectRoot = "";
			targets = (
				1C4CC88016A48B3800C33DEC /* LFClient */,
				1C4CC89116A48B3800C33DEC /* LFClientTests */,
			);
		};
/* End PBXProject section */

/* Begin PBXResourcesBuildPhase section */
		1C4CC88F16A48B3800C33DEC /* Resources */ = {
			isa = PBXResourcesBuildPhase;
			buildActionMask = 2147483647;
			files = (
				1C4CC8A016A48B3800C33DEC /* InfoPlist.strings in Resources */,
				1C0ADC3916A6238900ACC0EA /* init-sample.json in Resources */,
				1CF0625616B1BD5B00CFA905 /* like-sample.json in Resources */,
				1CF0625716B1BD5B00CFA905 /* post-sample.json in Resources */,
				EF1AD63D17CC3D71008D157F /* LFConfig.plist in Resources */,
				EFDD477717CA3771009AEE9E /* livefyre-logo@2x.png in Resources */,
				1CF0625816B1BD5B00CFA905 /* stream-sample.json in Resources */,
				1CF0625A16B1BD6900CFA905 /* usercontent-sample.json in Resources */,
				1CF0625C16B1BD7100CFA905 /* hottest-sample.json in Resources */,
				1CF0625E16B1C5E700CFA905 /* auth-sample.json in Resources */,
				1CF0626916B323D700CFA905 /* number-test.json in Resources */,
				1CF7064216C32D5D009BD41D /* content-sample.json in Resources */,
				EFDD477617CA3771009AEE9E /* livefyre-logo.png in Resources */,
				1CD5686E17A05DFC008ECF55 /* flag-sample.json in Resources */,
			);
			runOnlyForDeploymentPostprocessing = 0;
		};
/* End PBXResourcesBuildPhase section */

/* Begin PBXShellScriptBuildPhase section */
		1C4CC89016A48B3800C33DEC /* Test Script */ = {
			isa = PBXShellScriptBuildPhase;
			buildActionMask = 2147483647;
			files = (
			);
			inputPaths = (
			);
			name = "Test Script";
			outputPaths = (
			);
			runOnlyForDeploymentPostprocessing = 0;
			shellPath = /bin/sh;
			shellScript = "# Run the unit tests in this test bundle.\n\"${SYSTEM_DEVELOPER_DIR}/Tools/RunUnitTests\"\n";
		};
		CD3A79537CD744C6B4069A07 /* Check Pods Manifest.lock */ = {
			isa = PBXShellScriptBuildPhase;
			buildActionMask = 2147483647;
			files = (
			);
			inputPaths = (
			);
			name = "Check Pods Manifest.lock";
			outputPaths = (
			);
			runOnlyForDeploymentPostprocessing = 0;
			shellPath = /bin/sh;
			shellScript = "diff \"${PODS_ROOT}/../Podfile.lock\" \"${PODS_ROOT}/Manifest.lock\" > /dev/null\nif [[ $? != 0 ]] ; then\n    cat << EOM\nerror: The sandbox is not in sync with the Podfile.lock. Run 'pod install' or update your CocoaPods installation.\nEOM\n    exit 1\nfi\n";
			showEnvVarsInLog = 0;
		};
		DF2B2AAA1DA44A39B995F9EB /* Copy Pods Resources */ = {
			isa = PBXShellScriptBuildPhase;
			buildActionMask = 2147483647;
			files = (
			);
			inputPaths = (
			);
			name = "Copy Pods Resources";
			outputPaths = (
			);
			runOnlyForDeploymentPostprocessing = 0;
			shellPath = /bin/sh;
			shellScript = "\"${SRCROOT}/Pods/Pods-resources.sh\"\n";
			showEnvVarsInLog = 0;
		};
		F907893BB75C4BA08B5E8193 /* Copy Pods Resources */ = {
			isa = PBXShellScriptBuildPhase;
			buildActionMask = 2147483647;
			files = (
			);
			inputPaths = (
			);
			name = "Copy Pods Resources";
			outputPaths = (
			);
			runOnlyForDeploymentPostprocessing = 0;
			shellPath = /bin/sh;
			shellScript = "\"${SRCROOT}/Pods/Pods-test-resources.sh\"\n";
			showEnvVarsInLog = 0;
		};
		FFCFA5D7517A4F5B9D563E42 /* Check Pods Manifest.lock */ = {
			isa = PBXShellScriptBuildPhase;
			buildActionMask = 2147483647;
			files = (
			);
			inputPaths = (
			);
			name = "Check Pods Manifest.lock";
			outputPaths = (
			);
			runOnlyForDeploymentPostprocessing = 0;
			shellPath = /bin/sh;
			shellScript = "diff \"${PODS_ROOT}/../Podfile.lock\" \"${PODS_ROOT}/Manifest.lock\" > /dev/null\nif [[ $? != 0 ]] ; then\n    cat << EOM\nerror: The sandbox is not in sync with the Podfile.lock. Run 'pod install' or update your CocoaPods installation.\nEOM\n    exit 1\nfi\n";
			showEnvVarsInLog = 0;
		};
/* End PBXShellScriptBuildPhase section */

/* Begin PBXSourcesBuildPhase section */
		1C4CC87D16A48B3800C33DEC /* Sources */ = {
			isa = PBXSourcesBuildPhase;
			buildActionMask = 2147483647;
			files = (
				1CF0622616B0A39800CFA905 /* NSDate+RelativePast.m in Sources */,
				EF3F1E4C17C4879D004E61A4 /* LFSBoostrapClient.m in Sources */,
				EFA2AAE017B5AE870022DC8E /* JSONKit.m in Sources */,
				1CF0624016B0A3A900CFA905 /* LFAdminClient.m in Sources */,
				EF35D0F617CD58A200E47161 /* LFSBaseClient.m in Sources */,
				EF9FD3CC17B40897009FE59D /* LFStreamClient.m in Sources */,
				EF33A21817B95AD2007A2476 /* LFConfig.m in Sources */,
				EF263C4117CD4077008BA219 /* NSString+LFSEref.m in Sources */,
				1CF0624416B0A3A900CFA905 /* LFBootstrapClient.m in Sources */,
				EF3F1E5517C487ED004E61A4 /* LFSJSONRequestOperation.m in Sources */,
				1CF0624816B0A3A900CFA905 /* LFClientBase.m in Sources */,
				1CF0624A16B0A3A900CFA905 /* LFSConstants.m in Sources */,
				EF3D39B017C6F5400014807D /* LFSAdminClient.m in Sources */,
				EF3D39BC17C702940014807D /* LFSWriteClient.m in Sources */,
				1CF0625016B0A3A900CFA905 /* LFWriteClient.m in Sources */,
			);
			runOnlyForDeploymentPostprocessing = 0;
		};
		1C4CC88D16A48B3800C33DEC /* Sources */ = {
			isa = PBXSourcesBuildPhase;
			buildActionMask = 2147483647;
			files = (
				1C4CC8A316A48B3800C33DEC /* LFSClientNetworkTests.m in Sources */,
				EF33A21E17B95F13007A2476 /* LFConfig.m in Sources */,
				1CF061F316B0936F00CFA905 /* LFTestingURLProtocol.m in Sources */,
				EF3F1E5617C487ED004E61A4 /* LFSJSONRequestOperation.m in Sources */,
				EF3F1E4D17C4879D004E61A4 /* LFSBoostrapClient.m in Sources */,
				EF03D34D17C53A7D0097FDD3 /* LFNetworkingTests.m in Sources */,
				EF56AF8D17C6CEB50086127D /* LFSJSONKitTests.m in Sources */,
				1CF061F616B093B500CFA905 /* LFSClientSpoofTests.m in Sources */,
				EFA2AAE117B5AE870022DC8E /* JSONKit.m in Sources */,
				1CF061FC16B098C500CFA905 /* LFSRC4Tests.m in Sources */,
				EFE0CB1317C535EF00775C9C /* LFSClientTests.m in Sources */,
				1CF0622716B0A39800CFA905 /* NSDate+RelativePast.m in Sources */,
				EF3D39BD17C702940014807D /* LFSWriteClient.m in Sources */,
				1CF0624116B0A3A900CFA905 /* LFAdminClient.m in Sources */,
				1CF0624516B0A3A900CFA905 /* LFBootstrapClient.m in Sources */,
				1CF0624916B0A3A900CFA905 /* LFClientBase.m in Sources */,
				EF263C4217CD4077008BA219 /* NSString+LFSEref.m in Sources */,
				1CF0624B16B0A3A900CFA905 /* LFSConstants.m in Sources */,
				1CF0624F16B0A3A900CFA905 /* LFStreamClient.m in Sources */,
				EF35D0F717CD58A200E47161 /* LFSBaseClient.m in Sources */,
				EF3D39B117C6F5400014807D /* LFSAdminClient.m in Sources */,
				1CF0625116B0A3A900CFA905 /* LFWriteClient.m in Sources */,
			);
			runOnlyForDeploymentPostprocessing = 0;
		};
/* End PBXSourcesBuildPhase section */

/* Begin PBXTargetDependency section */
		1C4CC89916A48B3800C33DEC /* PBXTargetDependency */ = {
			isa = PBXTargetDependency;
			target = 1C4CC88016A48B3800C33DEC /* LFClient */;
			targetProxy = 1C4CC89816A48B3800C33DEC /* PBXContainerItemProxy */;
		};
/* End PBXTargetDependency section */

/* Begin PBXVariantGroup section */
		1C4CC89E16A48B3800C33DEC /* InfoPlist.strings */ = {
			isa = PBXVariantGroup;
			children = (
				1C4CC89F16A48B3800C33DEC /* en */,
			);
			name = InfoPlist.strings;
			sourceTree = "<group>";
		};
/* End PBXVariantGroup section */

/* Begin XCBuildConfiguration section */
		1C4CC8A416A48B3800C33DEC /* Debug */ = {
			isa = XCBuildConfiguration;
			buildSettings = {
				ALWAYS_SEARCH_USER_PATHS = NO;
				CLANG_CXX_LANGUAGE_STANDARD = "gnu++0x";
				CLANG_CXX_LIBRARY = "libc++";
				CLANG_ENABLE_OBJC_ARC = YES;
				CLANG_WARN_EMPTY_BODY = YES;
				CLANG_WARN__DUPLICATE_METHOD_MATCH = YES;
				COPY_PHASE_STRIP = NO;
				GCC_C_LANGUAGE_STANDARD = gnu99;
				GCC_DYNAMIC_NO_PIC = NO;
				GCC_OPTIMIZATION_LEVEL = 0;
				GCC_PREPROCESSOR_DEFINITIONS = (
					"DEBUG=1",
					"$(inherited)",
				);
				GCC_SYMBOLS_PRIVATE_EXTERN = NO;
				GCC_WARN_ABOUT_RETURN_TYPE = YES;
				GCC_WARN_UNINITIALIZED_AUTOS = YES;
				GCC_WARN_UNUSED_VARIABLE = YES;
				IPHONEOS_DEPLOYMENT_TARGET = 6.0;
				ONLY_ACTIVE_ARCH = YES;
				OTHER_LDFLAGS = "";
				SDKROOT = iphoneos;
			};
			name = Debug;
		};
		1C4CC8A516A48B3800C33DEC /* Release */ = {
			isa = XCBuildConfiguration;
			buildSettings = {
				ALWAYS_SEARCH_USER_PATHS = NO;
				CLANG_CXX_LANGUAGE_STANDARD = "gnu++0x";
				CLANG_CXX_LIBRARY = "libc++";
				CLANG_ENABLE_OBJC_ARC = YES;
				CLANG_WARN_EMPTY_BODY = YES;
				CLANG_WARN__DUPLICATE_METHOD_MATCH = YES;
				COPY_PHASE_STRIP = YES;
				GCC_C_LANGUAGE_STANDARD = gnu99;
				GCC_WARN_ABOUT_RETURN_TYPE = YES;
				GCC_WARN_UNINITIALIZED_AUTOS = YES;
				GCC_WARN_UNUSED_VARIABLE = YES;
				IPHONEOS_DEPLOYMENT_TARGET = 6.0;
				OTHER_LDFLAGS = "";
				SDKROOT = iphoneos;
				VALIDATE_PRODUCT = YES;
			};
			name = Release;
		};
		1C4CC8A716A48B3800C33DEC /* Debug */ = {
			isa = XCBuildConfiguration;
			baseConfigurationReference = 02CB172F1F6340C29045EFCF /* Pods.xcconfig */;
			buildSettings = {
				DSTROOT = /tmp/LFClient.dst;
				GCC_PRECOMPILE_PREFIX_HEADER = YES;
				GCC_PREFIX_HEADER = "LFClient/LFClient-Prefix.pch";
				OTHER_LDFLAGS = "$(inherited)";
				PRODUCT_NAME = "$(TARGET_NAME)";
				PUBLIC_HEADERS_FOLDER_PATH = "include/$(TARGET_NAME)";
				SKIP_INSTALL = YES;
			};
			name = Debug;
		};
		1C4CC8A816A48B3800C33DEC /* Release */ = {
			isa = XCBuildConfiguration;
			baseConfigurationReference = 02CB172F1F6340C29045EFCF /* Pods.xcconfig */;
			buildSettings = {
				DSTROOT = /tmp/LFClient.dst;
				GCC_PRECOMPILE_PREFIX_HEADER = YES;
				GCC_PREFIX_HEADER = "LFClient/LFClient-Prefix.pch";
				OTHER_LDFLAGS = "$(inherited)";
				PRODUCT_NAME = "$(TARGET_NAME)";
				PUBLIC_HEADERS_FOLDER_PATH = "include/$(TARGET_NAME)";
				SKIP_INSTALL = YES;
			};
			name = Release;
		};
		1C4CC8AA16A48B3800C33DEC /* Debug */ = {
			isa = XCBuildConfiguration;
			baseConfigurationReference = 400C3847B3944FFB8721989F /* Pods-test.xcconfig */;
			buildSettings = {
				FRAMEWORK_SEARCH_PATHS = (
					"\"$(SDKROOT)/Developer/Library/Frameworks\"",
					"\"$(DEVELOPER_LIBRARY_DIR)/Frameworks\"",
				);
				GCC_PRECOMPILE_PREFIX_HEADER = YES;
				GCC_PREFIX_HEADER = "LFClient/LFClient-Prefix.pch";
				INFOPLIST_FILE = "LFClientTests/LFClientTests-Info.plist";
				LIBRARY_SEARCH_PATHS = (
					"$(inherited)",
					"/Users/escherba/dev/StreamHub-iOS-SDK/Pods/build/Debug-iphoneos",
				);
				PRODUCT_NAME = "$(TARGET_NAME)";
				WRAPPER_EXTENSION = octest;
			};
			name = Debug;
		};
		1C4CC8AB16A48B3800C33DEC /* Release */ = {
			isa = XCBuildConfiguration;
			baseConfigurationReference = 400C3847B3944FFB8721989F /* Pods-test.xcconfig */;
			buildSettings = {
				FRAMEWORK_SEARCH_PATHS = (
					"\"$(SDKROOT)/Developer/Library/Frameworks\"",
					"\"$(DEVELOPER_LIBRARY_DIR)/Frameworks\"",
				);
				GCC_PRECOMPILE_PREFIX_HEADER = YES;
				GCC_PREFIX_HEADER = "LFClient/LFClient-Prefix.pch";
				INFOPLIST_FILE = "LFClientTests/LFClientTests-Info.plist";
				LIBRARY_SEARCH_PATHS = (
					"$(inherited)",
					"/Users/escherba/dev/StreamHub-iOS-SDK/Pods/build/Debug-iphoneos",
				);
				PRODUCT_NAME = "$(TARGET_NAME)";
				WRAPPER_EXTENSION = octest;
			};
			name = Release;
		};
/* End XCBuildConfiguration section */

/* Begin XCConfigurationList section */
		1C4CC87B16A48B3800C33DEC /* Build configuration list for PBXProject "LFClient" */ = {
			isa = XCConfigurationList;
			buildConfigurations = (
				1C4CC8A416A48B3800C33DEC /* Debug */,
				1C4CC8A516A48B3800C33DEC /* Release */,
			);
			defaultConfigurationIsVisible = 0;
			defaultConfigurationName = Release;
		};
		1C4CC8A616A48B3800C33DEC /* Build configuration list for PBXNativeTarget "LFClient" */ = {
			isa = XCConfigurationList;
			buildConfigurations = (
				1C4CC8A716A48B3800C33DEC /* Debug */,
				1C4CC8A816A48B3800C33DEC /* Release */,
			);
			defaultConfigurationIsVisible = 0;
			defaultConfigurationName = Release;
		};
		1C4CC8A916A48B3800C33DEC /* Build configuration list for PBXNativeTarget "LFClientTests" */ = {
			isa = XCConfigurationList;
			buildConfigurations = (
				1C4CC8AA16A48B3800C33DEC /* Debug */,
				1C4CC8AB16A48B3800C33DEC /* Release */,
			);
			defaultConfigurationIsVisible = 0;
			defaultConfigurationName = Release;
		};
/* End XCConfigurationList section */
	};
	rootObject = 1C4CC87816A48B3800C33DEC /* Project object */;
}
